
Microsoft Visual Studio Solution File, Format Version 12.00
# Visual Studio 15
VisualStudioVersion = 15.0.27703.2047
MinimumVisualStudioVersion = 10.0.40219.1
Project("{8BC9CEB8-8B4A-11D0-8D11-00A0C91BC942}") = "vulkan-renderer", "vulkan-renderer\vulkan-renderer.vcxproj", "{DFA7CA08-CE28-4832-8547-B4A9D79E1724}"
EndProject
Project("{888888A0-9F3D-457C-B088-3A5042F75D52}") = "vulkan-scene-viewer", "vulkan-scene-viewer\vulkan-scene-viewer.pyproj", "{7D8FA41E-E3C8-40C8-9CB6-C1B832141583}"
EndProject
Project("{8BC9CEB8-8B4A-11D0-8D11-00A0C91BC942}") = "vulkan-renderer-api", "vulkan-renderer-api\vulkan-renderer-api.vcxproj", "{6564E319-C9B6-4035-A9E3-31FEB76C747D}"
EndProject
Project("{8BC9CEB8-8B4A-11D0-8D11-00A0C91BC942}") = "vulkan-renderer-api-pyd", "vulkan-renderer-api-pyd\vulkan-renderer-api-pyd.vcxproj", "{873CBD62-55BA-4AE2-B891-AA010C7FDC10}"
EndProject
Global
	GlobalSection(SolutionConfigurationPlatforms) = preSolution
		Debug|Any CPU = Debug|Any CPU
		Debug|x64 = Debug|x64
		Debug|x86 = Debug|x86
		Release|Any CPU = Release|Any CPU
		Release|x64 = Release|x64
		Release|x86 = Release|x86
	EndGlobalSection
	GlobalSection(ProjectConfigurationPlatforms) = postSolution
		{DFA7CA08-CE28-4832-8547-B4A9D79E1724}.Debug|Any CPU.ActiveCfg = Debug|Win32
		{DFA7CA08-CE28-4832-8547-B4A9D79E1724}.Debug|x64.ActiveCfg = Debug|x64
		{DFA7CA08-CE28-4832-8547-B4A9D79E1724}.Debug|x64.Build.0 = Debug|x64
		{DFA7CA08-CE28-4832-8547-B4A9D79E1724}.Debug|x86.ActiveCfg = Debug|Win32
		{DFA7CA08-CE28-4832-8547-B4A9D79E1724}.Debug|x86.Build.0 = Debug|Win32
		{DFA7CA08-CE28-4832-8547-B4A9D79E1724}.Release|Any CPU.ActiveCfg = Release|Win32
		{DFA7CA08-CE28-4832-8547-B4A9D79E1724}.Release|x64.ActiveCfg = Release|x64
		{DFA7CA08-CE28-4832-8547-B4A9D79E1724}.Release|x64.Build.0 = Release|x64
		{DFA7CA08-CE28-4832-8547-B4A9D79E1724}.Release|x86.ActiveCfg = Release|Win32
		{DFA7CA08-CE28-4832-8547-B4A9D79E1724}.Release|x86.Build.0 = Release|Win32
		{7D8FA41E-E3C8-40C8-9CB6-C1B832141583}.Debug|Any CPU.ActiveCfg = Debug|Any CPU
		{7D8FA41E-E3C8-40C8-9CB6-C1B832141583}.Debug|x64.ActiveCfg = Debug|Any CPU
		{7D8FA41E-E3C8-40C8-9CB6-C1B832141583}.Debug|x86.ActiveCfg = Debug|Any CPU
		{7D8FA41E-E3C8-40C8-9CB6-C1B832141583}.Release|Any CPU.ActiveCfg = Release|Any CPU
		{7D8FA41E-E3C8-40C8-9CB6-C1B832141583}.Release|x64.ActiveCfg = Release|Any CPU
		{7D8FA41E-E3C8-40C8-9CB6-C1B832141583}.Release|x86.ActiveCfg = Release|Any CPU
		{6564E319-C9B6-4035-A9E3-31FEB76C747D}.Debug|Any CPU.ActiveCfg = Debug|Win32
		{6564E319-C9B6-4035-A9E3-31FEB76C747D}.Debug|x64.ActiveCfg = Debug|x64
		{6564E319-C9B6-4035-A9E3-31FEB76C747D}.Debug|x64.Build.0 = Debug|x64
		{6564E319-C9B6-4035-A9E3-31FEB76C747D}.Debug|x86.ActiveCfg = Debug|Win32
		{6564E319-C9B6-4035-A9E3-31FEB76C747D}.Debug|x86.Build.0 = Debug|Win32
		{6564E319-C9B6-4035-A9E3-31FEB76C747D}.Release|Any CPU.ActiveCfg = Release|Win32
		{6564E319-C9B6-4035-A9E3-31FEB76C747D}.Release|x64.ActiveCfg = Release|x64
		{6564E319-C9B6-4035-A9E3-31FEB76C747D}.Release|x64.Build.0 = Release|x64
		{6564E319-C9B6-4035-A9E3-31FEB76C747D}.Release|x86.ActiveCfg = Release|Win32
		{6564E319-C9B6-4035-A9E3-31FEB76C747D}.Release|x86.Build.0 = Release|Win32
		{873CBD62-55BA-4AE2-B891-AA010C7FDC10}.Debug|Any CPU.ActiveCfg = Debug|Win32
		{873CBD62-55BA-4AE2-B891-AA010C7FDC10}.Debug|x64.ActiveCfg = Debug|x64
		{873CBD62-55BA-4AE2-B891-AA010C7FDC10}.Debug|x64.Build.0 = Debug|x64
		{873CBD62-55BA-4AE2-B891-AA010C7FDC10}.Debug|x86.ActiveCfg = Debug|Win32
		{873CBD62-55BA-4AE2-B891-AA010C7FDC10}.Debug|x86.Build.0 = Debug|Win32
		{873CBD62-55BA-4AE2-B891-AA010C7FDC10}.Release|Any CPU.ActiveCfg = Release|Win32
		{873CBD62-55BA-4AE2-B891-AA010C7FDC10}.Release|x64.ActiveCfg = Release|x64
		{873CBD62-55BA-4AE2-B891-AA010C7FDC10}.Release|x64.Build.0 = Release|x64
		{873CBD62-55BA-4AE2-B891-AA010C7FDC10}.Release|x86.ActiveCfg = Release|Win32
		{873CBD62-55BA-4AE2-B891-AA010C7FDC10}.Release|x86.Build.0 = Release|Win32
	EndGlobalSection
	GlobalSection(SolutionProperties) = preSolution
		HideSolutionNode = FALSE
	EndGlobalSection
	GlobalSection(ExtensibilityGlobals) = postSolution
		SolutionGuid = {A722B1E6-D0B7-46EF-A225-6187FDA3C2A4}
	EndGlobalSection
EndGlobal
